// !$*UTF8*$!
{
	archiveVersion = 1;
	classes = {
	};
	objectVersion = 56;
	objects = {

/* Begin PBXBuildFile section */
		1410EC762B8CDDA30007CE39 /* WhisperCubeApp.swift in Sources */ = {isa = PBXBuildFile; fileRef = 1410EC752B8CDDA30007CE39 /* WhisperCubeApp.swift */; };
		1410EC782B8CDDA30007CE39 /* ContentView.swift in Sources */ = {isa = PBXBuildFile; fileRef = 1410EC772B8CDDA30007CE39 /* ContentView.swift */; };
		1410EC7A2B8CDDA40007CE39 /* Assets.xcassets in Resources */ = {isa = PBXBuildFile; fileRef = 1410EC792B8CDDA40007CE39 /* Assets.xcassets */; };
		1410EC7D2B8CDDA40007CE39 /* Preview Assets.xcassets in Resources */ = {isa = PBXBuildFile; fileRef = 1410EC7C2B8CDDA40007CE39 /* Preview Assets.xcassets */; };
		1410EC862B8CE37D0007CE39 /* whisper in Frameworks */ = {isa = PBXBuildFile; productRef = 1410EC852B8CE37D0007CE39 /* whisper */; };
		1410EC892B8CE3A30007CE39 /* HotKey in Frameworks */ = {isa = PBXBuildFile; productRef = 1410EC882B8CE3A30007CE39 /* HotKey */; };
		1410EC8C2B8CE4720007CE39 /* LibWhisper.swift in Sources */ = {isa = PBXBuildFile; fileRef = 1410EC8B2B8CE4720007CE39 /* LibWhisper.swift */; };
		1410EC8F2B8CE4F00007CE39 /* WhisperState.swift in Sources */ = {isa = PBXBuildFile; fileRef = 1410EC8E2B8CE4F00007CE39 /* WhisperState.swift */; };
		1410EC922B8CE5320007CE39 /* Recorder.swift in Sources */ = {isa = PBXBuildFile; fileRef = 1410EC912B8CE5320007CE39 /* Recorder.swift */; };
		1410EC942B8CE5410007CE39 /* RiffWaveUtils.swift in Sources */ = {isa = PBXBuildFile; fileRef = 1410EC932B8CE5410007CE39 /* RiffWaveUtils.swift */; };
		14FCFF132B8CF2CF003D75E3 /* models in Resources */ = {isa = PBXBuildFile; fileRef = 14FCFF122B8CF2CF003D75E3 /* models */; };
/* End PBXBuildFile section */

/* Begin PBXFileReference section */
		1410EC722B8CDDA30007CE39 /* WhisperCube.app */ = {isa = PBXFileReference; explicitFileType = wrapper.application; includeInIndex = 0; path = WhisperCube.app; sourceTree = BUILT_PRODUCTS_DIR; };
		1410EC752B8CDDA30007CE39 /* WhisperCubeApp.swift */ = {isa = PBXFileReference; lastKnownFileType = sourcecode.swift; path = WhisperCubeApp.swift; sourceTree = "<group>"; };
		1410EC772B8CDDA30007CE39 /* ContentView.swift */ = {isa = PBXFileReference; lastKnownFileType = sourcecode.swift; path = ContentView.swift; sourceTree = "<group>"; };
		1410EC792B8CDDA40007CE39 /* Assets.xcassets */ = {isa = PBXFileReference; lastKnownFileType = folder.assetcatalog; path = Assets.xcassets; sourceTree = "<group>"; };
		1410EC7C2B8CDDA40007CE39 /* Preview Assets.xcassets */ = {isa = PBXFileReference; lastKnownFileType = folder.assetcatalog; path = "Preview Assets.xcassets"; sourceTree = "<group>"; };
		1410EC7E2B8CDDA40007CE39 /* WhisperCube.entitlements */ = {isa = PBXFileReference; lastKnownFileType = text.plist.entitlements; path = WhisperCube.entitlements; sourceTree = "<group>"; };
		1410EC8B2B8CE4720007CE39 /* LibWhisper.swift */ = {isa = PBXFileReference; lastKnownFileType = sourcecode.swift; path = LibWhisper.swift; sourceTree = "<group>"; };
		1410EC8E2B8CE4F00007CE39 /* WhisperState.swift */ = {isa = PBXFileReference; lastKnownFileType = sourcecode.swift; path = WhisperState.swift; sourceTree = "<group>"; };
		1410EC912B8CE5320007CE39 /* Recorder.swift */ = {isa = PBXFileReference; lastKnownFileType = sourcecode.swift; path = Recorder.swift; sourceTree = "<group>"; };
		1410EC932B8CE5410007CE39 /* RiffWaveUtils.swift */ = {isa = PBXFileReference; lastKnownFileType = sourcecode.swift; path = RiffWaveUtils.swift; sourceTree = "<group>"; };
		14FCFF122B8CF2CF003D75E3 /* models */ = {isa = PBXFileReference; lastKnownFileType = folder; path = models; sourceTree = "<group>"; };
/* End PBXFileReference section */

/* Begin PBXFrameworksBuildPhase section */
		1410EC6F2B8CDDA30007CE39 /* Frameworks */ = {
			isa = PBXFrameworksBuildPhase;
			buildActionMask = 2147483647;
			files = (
				1410EC892B8CE3A30007CE39 /* HotKey in Frameworks */,
				1410EC862B8CE37D0007CE39 /* whisper in Frameworks */,
			);
			runOnlyForDeploymentPostprocessing = 0;
		};
/* End PBXFrameworksBuildPhase section */

/* Begin PBXGroup section */
		1410EC692B8CDDA30007CE39 = {
			isa = PBXGroup;
			children = (
				1410EC8A2B8CE44E0007CE39 /* LibWhisper */,
				1410EC742B8CDDA30007CE39 /* WhisperCube */,
				1410EC732B8CDDA30007CE39 /* Products */,
			);
			sourceTree = "<group>";
		};
		1410EC732B8CDDA30007CE39 /* Products */ = {
			isa = PBXGroup;
			children = (
				1410EC722B8CDDA30007CE39 /* WhisperCube.app */,
			);
			name = Products;
			sourceTree = "<group>";
		};
		1410EC742B8CDDA30007CE39 /* WhisperCube */ = {
			isa = PBXGroup;
			children = (
				1410EC752B8CDDA30007CE39 /* WhisperCubeApp.swift */,
				1410EC962B8CE5DF0007CE39 /* UI */,
				1410EC952B8CE5840007CE39 /* Resources */,
				1410EC902B8CE5230007CE39 /* Utils */,
				1410EC8D2B8CE4D60007CE39 /* Models */,
				1410EC792B8CDDA40007CE39 /* Assets.xcassets */,
				1410EC7E2B8CDDA40007CE39 /* WhisperCube.entitlements */,
				1410EC7B2B8CDDA40007CE39 /* Preview Content */,
			);
			path = WhisperCube;
			sourceTree = "<group>";
		};
		1410EC7B2B8CDDA40007CE39 /* Preview Content */ = {
			isa = PBXGroup;
			children = (
				1410EC7C2B8CDDA40007CE39 /* Preview Assets.xcassets */,
			);
			path = "Preview Content";
			sourceTree = "<group>";
		};
		1410EC8A2B8CE44E0007CE39 /* LibWhisper */ = {
			isa = PBXGroup;
			children = (
				1410EC8B2B8CE4720007CE39 /* LibWhisper.swift */,
			);
			path = LibWhisper;
			sourceTree = "<group>";
		};
		1410EC8D2B8CE4D60007CE39 /* Models */ = {
			isa = PBXGroup;
			children = (
				1410EC8E2B8CE4F00007CE39 /* WhisperState.swift */,
			);
			path = Models;
			sourceTree = "<group>";
		};
		1410EC902B8CE5230007CE39 /* Utils */ = {
			isa = PBXGroup;
			children = (
				1410EC912B8CE5320007CE39 /* Recorder.swift */,
				1410EC932B8CE5410007CE39 /* RiffWaveUtils.swift */,
			);
			path = Utils;
			sourceTree = "<group>";
		};
		1410EC952B8CE5840007CE39 /* Resources */ = {
			isa = PBXGroup;
			children = (
				14FCFF122B8CF2CF003D75E3 /* models */,
			);
			path = Resources;
			sourceTree = "<group>";
		};
		1410EC962B8CE5DF0007CE39 /* UI */ = {
			isa = PBXGroup;
			children = (
				1410EC772B8CDDA30007CE39 /* ContentView.swift */,
			);
			path = UI;
			sourceTree = "<group>";
		};
/* End PBXGroup section */

/* Begin PBXNativeTarget section */
		1410EC712B8CDDA30007CE39 /* WhisperCube */ = {
			isa = PBXNativeTarget;
			buildConfigurationList = 1410EC812B8CDDA40007CE39 /* Build configuration list for PBXNativeTarget "WhisperCube" */;
			buildPhases = (
				1410EC6E2B8CDDA30007CE39 /* Sources */,
				1410EC6F2B8CDDA30007CE39 /* Frameworks */,
				1410EC702B8CDDA30007CE39 /* Resources */,
			);
			buildRules = (
			);
			dependencies = (
			);
			name = WhisperCube;
			packageProductDependencies = (
				1410EC852B8CE37D0007CE39 /* whisper */,
				1410EC882B8CE3A30007CE39 /* HotKey */,
			);
			productName = WhisperCube;
			productReference = 1410EC722B8CDDA30007CE39 /* WhisperCube.app */;
			productType = "com.apple.product-type.application";
		};
/* End PBXNativeTarget section */

/* Begin PBXProject section */
		1410EC6A2B8CDDA30007CE39 /* Project object */ = {
			isa = PBXProject;
			attributes = {
				BuildIndependentTargetsInParallel = 1;
				LastSwiftUpdateCheck = 1520;
				LastUpgradeCheck = 1520;
				TargetAttributes = {
					1410EC712B8CDDA30007CE39 = {
						CreatedOnToolsVersion = 15.2;
					};
				};
			};
			buildConfigurationList = 1410EC6D2B8CDDA30007CE39 /* Build configuration list for PBXProject "WhisperCube" */;
			compatibilityVersion = "Xcode 14.0";
			developmentRegion = en;
			hasScannedForEncodings = 0;
			knownRegions = (
				en,
				Base,
			);
			mainGroup = 1410EC692B8CDDA30007CE39;
			packageReferences = (
				1410EC842B8CE37D0007CE39 /* XCRemoteSwiftPackageReference "whisper.cpp" */,
				1410EC872B8CE3A30007CE39 /* XCRemoteSwiftPackageReference "HotKey" */,
			);
			productRefGroup = 1410EC732B8CDDA30007CE39 /* Products */;
			projectDirPath = "";
			projectRoot = "";
			targets = (
				1410EC712B8CDDA30007CE39 /* WhisperCube */,
			);
		};
/* End PBXProject section */

/* Begin PBXResourcesBuildPhase section */
		1410EC702B8CDDA30007CE39 /* Resources */ = {
			isa = PBXResourcesBuildPhase;
			buildActionMask = 2147483647;
			files = (
				1410EC7D2B8CDDA40007CE39 /* Preview Assets.xcassets in Resources */,
				1410EC7A2B8CDDA40007CE39 /* Assets.xcassets in Resources */,
				14FCFF132B8CF2CF003D75E3 /* models in Resources */,
			);
			runOnlyForDeploymentPostprocessing = 0;
		};
/* End PBXResourcesBuildPhase section */

/* Begin PBXSourcesBuildPhase section */
		1410EC6E2B8CDDA30007CE39 /* Sources */ = {
			isa = PBXSourcesBuildPhase;
			buildActionMask = 2147483647;
			files = (
				1410EC922B8CE5320007CE39 /* Recorder.swift in Sources */,
				1410EC8F2B8CE4F00007CE39 /* WhisperState.swift in Sources */,
				1410EC782B8CDDA30007CE39 /* ContentView.swift in Sources */,
				1410EC8C2B8CE4720007CE39 /* LibWhisper.swift in Sources */,
				1410EC762B8CDDA30007CE39 /* WhisperCubeApp.swift in Sources */,
				1410EC942B8CE5410007CE39 /* RiffWaveUtils.swift in Sources */,
			);
			runOnlyForDeploymentPostprocessing = 0;
		};
/* End PBXSourcesBuildPhase section */

/* Begin XCBuildConfiguration section */
		1410EC7F2B8CDDA40007CE39 /* Debug */ = {
			isa = XCBuildConfiguration;
			buildSettings = {
				ALWAYS_SEARCH_USER_PATHS = NO;
				ASSETCATALOG_COMPILER_GENERATE_SWIFT_ASSET_SYMBOL_EXTENSIONS = YES;
				CLANG_ANALYZER_NONNULL = YES;
				CLANG_ANALYZER_NUMBER_OBJECT_CONVERSION = YES_AGGRESSIVE;
				CLANG_CXX_LANGUAGE_STANDARD = "gnu++20";
				CLANG_ENABLE_MODULES = YES;
				CLANG_ENABLE_OBJC_ARC = YES;
				CLANG_ENABLE_OBJC_WEAK = YES;
				CLANG_WARN_BLOCK_CAPTURE_AUTORELEASING = YES;
				CLANG_WARN_BOOL_CONVERSION = YES;
				CLANG_WARN_COMMA = YES;
				CLANG_WARN_CONSTANT_CONVERSION = YES;
				CLANG_WARN_DEPRECATED_OBJC_IMPLEMENTATIONS = YES;
				CLANG_WARN_DIRECT_OBJC_ISA_USAGE = YES_ERROR;
				CLANG_WARN_DOCUMENTATION_COMMENTS = YES;
				CLANG_WARN_EMPTY_BODY = YES;
				CLANG_WARN_ENUM_CONVERSION = YES;
				CLANG_WARN_INFINITE_RECURSION = YES;
				CLANG_WARN_INT_CONVERSION = YES;
				CLANG_WARN_NON_LITERAL_NULL_CONVERSION = YES;
				CLANG_WARN_OBJC_IMPLICIT_RETAIN_SELF = YES;
				CLANG_WARN_OBJC_LITERAL_CONVERSION = YES;
				CLANG_WARN_OBJC_ROOT_CLASS = YES_ERROR;
				CLANG_WARN_QUOTED_INCLUDE_IN_FRAMEWORK_HEADER = YES;
				CLANG_WARN_RANGE_LOOP_ANALYSIS = YES;
				CLANG_WARN_STRICT_PROTOTYPES = YES;
				CLANG_WARN_SUSPICIOUS_MOVE = YES;
				CLANG_WARN_UNGUARDED_AVAILABILITY = YES_AGGRESSIVE;
				CLANG_WARN_UNREACHABLE_CODE = YES;
				CLANG_WARN__DUPLICATE_METHOD_MATCH = YES;
				COPY_PHASE_STRIP = NO;
				DEBUG_INFORMATION_FORMAT = dwarf;
				ENABLE_STRICT_OBJC_MSGSEND = YES;
				ENABLE_TESTABILITY = YES;
				ENABLE_USER_SCRIPT_SANDBOXING = YES;
				GCC_C_LANGUAGE_STANDARD = gnu17;
				GCC_DYNAMIC_NO_PIC = NO;
				GCC_NO_COMMON_BLOCKS = YES;
				GCC_OPTIMIZATION_LEVEL = 0;
				GCC_PREPROCESSOR_DEFINITIONS = (
					"DEBUG=1",
					"$(inherited)",
				);
				GCC_WARN_64_TO_32_BIT_CONVERSION = YES;
				GCC_WARN_ABOUT_RETURN_TYPE = YES_ERROR;
				GCC_WARN_UNDECLARED_SELECTOR = YES;
				GCC_WARN_UNINITIALIZED_AUTOS = YES_AGGRESSIVE;
				GCC_WARN_UNUSED_FUNCTION = YES;
				GCC_WARN_UNUSED_VARIABLE = YES;
				LOCALIZATION_PREFERS_STRING_CATALOGS = YES;
				MACOSX_DEPLOYMENT_TARGET = 14.0;
				MTL_ENABLE_DEBUG_INFO = INCLUDE_SOURCE;
				MTL_FAST_MATH = YES;
				ONLY_ACTIVE_ARCH = YES;
				SDKROOT = macosx;
				SWIFT_ACTIVE_COMPILATION_CONDITIONS = "DEBUG $(inherited)";
				SWIFT_OPTIMIZATION_LEVEL = "-Onone";
			};
			name = Debug;
		};
		1410EC802B8CDDA40007CE39 /* Release */ = {
			isa = XCBuildConfiguration;
			buildSettings = {
				ALWAYS_SEARCH_USER_PATHS = NO;
				ASSETCATALOG_COMPILER_GENERATE_SWIFT_ASSET_SYMBOL_EXTENSIONS = YES;
				CLANG_ANALYZER_NONNULL = YES;
				CLANG_ANALYZER_NUMBER_OBJECT_CONVERSION = YES_AGGRESSIVE;
				CLANG_CXX_LANGUAGE_STANDARD = "gnu++20";
				CLANG_ENABLE_MODULES = YES;
				CLANG_ENABLE_OBJC_ARC = YES;
				CLANG_ENABLE_OBJC_WEAK = YES;
				CLANG_WARN_BLOCK_CAPTURE_AUTORELEASING = YES;
				CLANG_WARN_BOOL_CONVERSION = YES;
				CLANG_WARN_COMMA = YES;
				CLANG_WARN_CONSTANT_CONVERSION = YES;
				CLANG_WARN_DEPRECATED_OBJC_IMPLEMENTATIONS = YES;
				CLANG_WARN_DIRECT_OBJC_ISA_USAGE = YES_ERROR;
				CLANG_WARN_DOCUMENTATION_COMMENTS = YES;
				CLANG_WARN_EMPTY_BODY = YES;
				CLANG_WARN_ENUM_CONVERSION = YES;
				CLANG_WARN_INFINITE_RECURSION = YES;
				CLANG_WARN_INT_CONVERSION = YES;
				CLANG_WARN_NON_LITERAL_NULL_CONVERSION = YES;
				CLANG_WARN_OBJC_IMPLICIT_RETAIN_SELF = YES;
				CLANG_WARN_OBJC_LITERAL_CONVERSION = YES;
				CLANG_WARN_OBJC_ROOT_CLASS = YES_ERROR;
				CLANG_WARN_QUOTED_INCLUDE_IN_FRAMEWORK_HEADER = YES;
				CLANG_WARN_RANGE_LOOP_ANALYSIS = YES;
				CLANG_WARN_STRICT_PROTOTYPES = YES;
				CLANG_WARN_SUSPICIOUS_MOVE = YES;
				CLANG_WARN_UNGUARDED_AVAILABILITY = YES_AGGRESSIVE;
				CLANG_WARN_UNREACHABLE_CODE = YES;
				CLANG_WARN__DUPLICATE_METHOD_MATCH = YES;
				COPY_PHASE_STRIP = NO;
				DEBUG_INFORMATION_FORMAT = "dwarf-with-dsym";
				ENABLE_NS_ASSERTIONS = NO;
				ENABLE_STRICT_OBJC_MSGSEND = YES;
				ENABLE_USER_SCRIPT_SANDBOXING = YES;
				GCC_C_LANGUAGE_STANDARD = gnu17;
				GCC_NO_COMMON_BLOCKS = YES;
				GCC_WARN_64_TO_32_BIT_CONVERSION = YES;
				GCC_WARN_ABOUT_RETURN_TYPE = YES_ERROR;
				GCC_WARN_UNDECLARED_SELECTOR = YES;
				GCC_WARN_UNINITIALIZED_AUTOS = YES_AGGRESSIVE;
				GCC_WARN_UNUSED_FUNCTION = YES;
				GCC_WARN_UNUSED_VARIABLE = YES;
				LOCALIZATION_PREFERS_STRING_CATALOGS = YES;
				MACOSX_DEPLOYMENT_TARGET = 14.0;
				MTL_ENABLE_DEBUG_INFO = NO;
				MTL_FAST_MATH = YES;
				SDKROOT = macosx;
				SWIFT_COMPILATION_MODE = wholemodule;
			};
			name = Release;
		};
		1410EC822B8CDDA40007CE39 /* Debug */ = {
			isa = XCBuildConfiguration;
			buildSettings = {
				ASSETCATALOG_COMPILER_APPICON_NAME = AppIcon;
				ASSETCATALOG_COMPILER_GLOBAL_ACCENT_COLOR_NAME = AccentColor;
				CODE_SIGN_ENTITLEMENTS = WhisperCube/WhisperCube.entitlements;
				CODE_SIGN_STYLE = Automatic;
				COMBINE_HIDPI_IMAGES = YES;
				CURRENT_PROJECT_VERSION = 1;
				DEVELOPMENT_ASSET_PATHS = "\"WhisperCube/Preview Content\"";
				DEVELOPMENT_TEAM = VP86Q59VW3;
				ENABLE_HARDENED_RUNTIME = YES;
				ENABLE_PREVIEWS = YES;
				GENERATE_INFOPLIST_FILE = YES;
				INFOPLIST_KEY_LSApplicationCategoryType = "public.app-category.utilities";
				INFOPLIST_KEY_NSHumanReadableCopyright = "";
				INFOPLIST_KEY_NSMicrophoneUsageDescription = "Need to transcribe audio";
				LD_RUNPATH_SEARCH_PATHS = (
					"$(inherited)",
					"@executable_path/../Frameworks",
				);
				MARKETING_VERSION = 1.0;
				PRODUCT_BUNDLE_IDENTIFIER = dev.cheng.WhisperCube;
				PRODUCT_NAME = "$(TARGET_NAME)";
				SWIFT_EMIT_LOC_STRINGS = YES;
				SWIFT_VERSION = 5.0;
			};
			name = Debug;
		};
		1410EC832B8CDDA40007CE39 /* Release */ = {
			isa = XCBuildConfiguration;
			buildSettings = {
				ASSETCATALOG_COMPILER_APPICON_NAME = AppIcon;
				ASSETCATALOG_COMPILER_GLOBAL_ACCENT_COLOR_NAME = AccentColor;
				CODE_SIGN_ENTITLEMENTS = WhisperCube/WhisperCube.entitlements;
				CODE_SIGN_STYLE = Automatic;
				COMBINE_HIDPI_IMAGES = YES;
				CURRENT_PROJECT_VERSION = 1;
				DEVELOPMENT_ASSET_PATHS = "\"WhisperCube/Preview Content\"";
				DEVELOPMENT_TEAM = VP86Q59VW3;
				ENABLE_HARDENED_RUNTIME = YES;
				ENABLE_PREVIEWS = YES;
				GENERATE_INFOPLIST_FILE = YES;
				INFOPLIST_KEY_LSApplicationCategoryType = "public.app-category.utilities";
				INFOPLIST_KEY_NSHumanReadableCopyright = "";
				INFOPLIST_KEY_NSMicrophoneUsageDescription = "Need to transcribe audio";
				LD_RUNPATH_SEARCH_PATHS = (
					"$(inherited)",
					"@executable_path/../Frameworks",
				);
				MARKETING_VERSION = 1.0;
				PRODUCT_BUNDLE_IDENTIFIER = dev.cheng.WhisperCube;
				PRODUCT_NAME = "$(TARGET_NAME)";
				SWIFT_EMIT_LOC_STRINGS = YES;
				SWIFT_VERSION = 5.0;
			};
			name = Release;
		};
/* End XCBuildConfiguration section */

/* Begin XCConfigurationList section */
		1410EC6D2B8CDDA30007CE39 /* Build configuration list for PBXProject "WhisperCube" */ = {
			isa = XCConfigurationList;
			buildConfigurations = (
				1410EC7F2B8CDDA40007CE39 /* Debug */,
				1410EC802B8CDDA40007CE39 /* Release */,
			);
			defaultConfigurationIsVisible = 0;
			defaultConfigurationName = Release;
		};
		1410EC812B8CDDA40007CE39 /* Build configuration list for PBXNativeTarget "WhisperCube" */ = {
			isa = XCConfigurationList;
			buildConfigurations = (
				1410EC822B8CDDA40007CE39 /* Debug */,
				1410EC832B8CDDA40007CE39 /* Release */,
			);
			defaultConfigurationIsVisible = 0;
			defaultConfigurationName = Release;
		};
/* End XCConfigurationList section */

/* Begin XCRemoteSwiftPackageReference section */
		1410EC842B8CE37D0007CE39 /* XCRemoteSwiftPackageReference "whisper.cpp" */ = {
			isa = XCRemoteSwiftPackageReference;
			repositoryURL = "https://github.com/ggerganov/whisper.cpp.git";
			requirement = {
				branch = master;
				kind = branch;
			};
		};
		1410EC872B8CE3A30007CE39 /* XCRemoteSwiftPackageReference "HotKey" */ = {
			isa = XCRemoteSwiftPackageReference;
			repositoryURL = "https://github.com/soffes/HotKey";
			requirement = {
				kind = upToNextMajorVersion;
				minimumVersion = 0.0.0;
			};
		};
/* End XCRemoteSwiftPackageReference section */

/* Begin XCSwiftPackageProductDependency section */
		1410EC852B8CE37D0007CE39 /* whisper */ = {
			isa = XCSwiftPackageProductDependency;
			package = 1410EC842B8CE37D0007CE39 /* XCRemoteSwiftPackageReference "whisper.cpp" */;
			productName = whisper;
		};
		1410EC882B8CE3A30007CE39 /* HotKey */ = {
			isa = XCSwiftPackageProductDependency;
			package = 1410EC872B8CE3A30007CE39 /* XCRemoteSwiftPackageReference "HotKey" */;
			productName = HotKey;
		};
/* End XCSwiftPackageProductDependency section */
	};
	rootObject = 1410EC6A2B8CDDA30007CE39 /* Project object */;
}
